
Microsoft Visual Studio Solution File, Format Version 12.00
# Visual Studio Version 16
VisualStudioVersion = 16.0.32630.194
MinimumVisualStudioVersion = 10.0.40219.1
Project("{FAE04EC0-301F-11D3-BF4B-00C04F79EFBC}") = "FibonacciSeries", "FibonacciSeries.csproj", "{CDEA87A6-4E17-45E1-AB06-E4E700B25C06}"
EndProject
Global
	GlobalSection(SolutionConfigurationPlatforms) = preSolution
		Debug|Any CPU = Debug|Any CPU
		Release|Any CPU = Release|Any CPU
	EndGlobalSection
	GlobalSection(ProjectConfigurationPlatforms) = postSolution
		{CDEA87A6-4E17-45E1-AB06-E4E700B25C06}.Debug|Any CPU.ActiveCfg = Debug|Any CPU
		{CDEA87A6-4E17-45E1-AB06-E4E700B25C06}.Debug|Any CPU.Build.0 = Debug|Any CPU
		{CDEA87A6-4E17-45E1-AB06-E4E700B25C06}.Release|Any CPU.ActiveCfg = Release|Any CPU
		{CDEA87A6-4E17-45E1-AB06-E4E700B25C06}.Release|Any CPU.Build.0 = Release|Any CPU
	EndGlobalSection
	GlobalSection(SolutionProperties) = preSolution
		HideSolutionNode = FALSE
	EndGlobalSection
	GlobalSection(ExtensibilityGlobals) = postSolution
		SolutionGuid = {4F3F45C1-151A-4593-8FE3-2C68D92F4799}
	EndGlobalSection
EndGlobal
